
Microsoft Visual Studio Solution File, Format Version 12.00
# Visual Studio Version 17
VisualStudioVersion = 17.8.34511.84
MinimumVisualStudioVersion = 10.0.40219.1
Project("{8BC9CEB8-8B4A-11D0-8D11-00A0C91BC942}") = "WinProject_0205", "WinProject_0205.vcxproj", "{A9780F99-E075-4D99-B43E-DAD7FB534C20}"
EndProject
Global
	GlobalSection(SolutionConfigurationPlatforms) = preSolution
		Debug|x64 = Debug|x64
		Debug|x86 = Debug|x86
		Release|x64 = Release|x64
		Release|x86 = Release|x86
	EndGlobalSection
	GlobalSection(ProjectConfigurationPlatforms) = postSolution
		{A9780F99-E075-4D99-B43E-DAD7FB534C20}.Debug|x64.ActiveCfg = Debug|x64
		{A9780F99-E075-4D99-B43E-DAD7FB534C20}.Debug|x64.Build.0 = Debug|x64
		{A9780F99-E075-4D99-B43E-DAD7FB534C20}.Debug|x86.ActiveCfg = Debug|Win32
		{A9780F99-E075-4D99-B43E-DAD7FB534C20}.Debug|x86.Build.0 = Debug|Win32
		{A9780F99-E075-4D99-B43E-DAD7FB534C20}.Release|x64.ActiveCfg = Release|x64
		{A9780F99-E075-4D99-B43E-DAD7FB534C20}.Release|x64.Build.0 = Release|x64
		{A9780F99-E075-4D99-B43E-DAD7FB534C20}.Release|x86.ActiveCfg = Release|Win32
		{A9780F99-E075-4D99-B43E-DAD7FB534C20}.Release|x86.Build.0 = Release|Win32
	EndGlobalSection
	GlobalSection(SolutionProperties) = preSolution
		HideSolutionNode = FALSE
	EndGlobalSection
	GlobalSection(ExtensibilityGlobals) = postSolution
		SolutionGuid = {1A966E7D-26B2-4BAA-A789-CDABC8CCAF6D}
	EndGlobalSection
EndGlobal
