
Microsoft Visual Studio Solution File, Format Version 12.00
# Visual Studio Version 17
VisualStudioVersion = 17.8.34511.84
MinimumVisualStudioVersion = 10.0.40219.1
Project("{8BC9CEB8-8B4A-11D0-8D11-00A0C91BC942}") = "WinProject3", "WinProject3.vcxproj", "{5E6BA86D-6444-4673-9EE3-DE033FD6DE25}"
EndProject
Global
	GlobalSection(SolutionConfigurationPlatforms) = preSolution
		Debug|x64 = Debug|x64
		Debug|x86 = Debug|x86
		Release|x64 = Release|x64
		Release|x86 = Release|x86
	EndGlobalSection
	GlobalSection(ProjectConfigurationPlatforms) = postSolution
		{5E6BA86D-6444-4673-9EE3-DE033FD6DE25}.Debug|x64.ActiveCfg = Debug|x64
		{5E6BA86D-6444-4673-9EE3-DE033FD6DE25}.Debug|x64.Build.0 = Debug|x64
		{5E6BA86D-6444-4673-9EE3-DE033FD6DE25}.Debug|x86.ActiveCfg = Debug|Win32
		{5E6BA86D-6444-4673-9EE3-DE033FD6DE25}.Debug|x86.Build.0 = Debug|Win32
		{5E6BA86D-6444-4673-9EE3-DE033FD6DE25}.Release|x64.ActiveCfg = Release|x64
		{5E6BA86D-6444-4673-9EE3-DE033FD6DE25}.Release|x64.Build.0 = Release|x64
		{5E6BA86D-6444-4673-9EE3-DE033FD6DE25}.Release|x86.ActiveCfg = Release|Win32
		{5E6BA86D-6444-4673-9EE3-DE033FD6DE25}.Release|x86.Build.0 = Release|Win32
	EndGlobalSection
	GlobalSection(SolutionProperties) = preSolution
		HideSolutionNode = FALSE
	EndGlobalSection
	GlobalSection(ExtensibilityGlobals) = postSolution
		SolutionGuid = {AB9C923F-1FE6-4755-AD8E-297669DC862B}
	EndGlobalSection
EndGlobal
